<?xml version="1.0" encoding="utf-8"?>
<Project ToolsVersion="4.0" xmlns="http://schemas.microsoft.com/developer/msbuild/2003">
  <ItemGroup>
    <Filter Include="Components">
      <UniqueIdentifier>{0545f92d-8045-480e-934c-fa2858eaeea0}</UniqueIdentifier>
    </Filter>
    <Filter Include="ECS">
      <UniqueIdentifier>{7728da9c-d5a9-4cc8-8b71-f6215bcc3368}</UniqueIdentifier>
    </Filter>
    <Filter Include="TestApp">
      <UniqueIdentifier>{d048eecc-37e2-42a8-873c-ea7826b0e843}</UniqueIdentifier>
    </Filter>
    <Filter Include="Systems">
      <UniqueIdentifier>{9b6c7349-f281-402a-8b50-c764e922d848}</UniqueIdentifier>
    </Filter>
    <Filter Include="Sonstiges">
      <UniqueIdentifier>{93995380-89BD-4b04-88EB-625FBE52EBFB}</UniqueIdentifier>
      <Extensions>
      </Extensions>
    </Filter>
    <Filter Include="Spatial">
      <UniqueIdentifier>{90aa467d-1c6f-4a16-874d-100b33e55eb7}</UniqueIdentifier>
    </Filter>
    <Filter Include="Primitives">
      <UniqueIdentifier>{38b87a44-90d3-4d51-8bf9-f28c18716319}</UniqueIdentifier>
    </Filter>
    <Filter Include="minitrace">
      <UniqueIdentifier>{a296cd7e-42c2-4b8f-bed2-5bff88f19d4d}</UniqueIdentifier>
    </Filter>
  </ItemGroup>
  <ItemGroup>
    <Text Include="ReadMe.txt" />
    <Text Include="TODO.txt" />
  </ItemGroup>
  <ItemGroup>
    <ClInclude Include="CLogger.hpp">
      <Filter>Sonstiges</Filter>
    </ClInclude>
    <ClInclude Include="CSize.hpp">
      <Filter>Sonstiges</Filter>
    </ClInclude>
    <ClInclude Include="CFrustum.hpp">
      <Filter>Sonstiges</Filter>
    </ClInclude>
    <ClInclude Include="CPlane.hpp">
      <Filter>Sonstiges</Filter>
    </ClInclude>
    <ClInclude Include="CBombComponent.hpp">
      <Filter>Components</Filter>
    </ClInclude>
    <ClInclude Include="CDebugNameComponent.hpp">
      <Filter>Components</Filter>
    </ClInclude>
    <ClInclude Include="CHealthComponent.hpp">
      <Filter>Components</Filter>
    </ClInclude>
    <ClInclude Include="CMovementComponent.hpp">
      <Filter>Components</Filter>
    </ClInclude>
    <ClInclude Include="CPhysicsComponent.hpp">
      <Filter>Components</Filter>
    </ClInclude>
    <ClInclude Include="CPlayerComponent.hpp">
      <Filter>Components</Filter>
    </ClInclude>
    <ClInclude Include="CEntityComponentSystem.hpp">
      <Filter>ECS</Filter>
    </ClInclude>
    <ClInclude Include="CSlotMap.hpp">
      <Filter>ECS</Filter>
    </ClInclude>
    <ClInclude Include="CExplosionComponent.hpp">
      <Filter>Components</Filter>
    </ClInclude>
    <ClInclude Include="CMovementSystem.hpp">
      <Filter>Systems</Filter>
    </ClInclude>
    <ClInclude Include="CHealthSystem.hpp">
      <Filter>Systems</Filter>
    </ClInclude>
    <ClInclude Include="CBombSystem.hpp">
      <Filter>Systems</Filter>
    </ClInclude>
    <ClInclude Include="COcTree.hpp">
      <Filter>Spatial</Filter>
    </ClInclude>
    <ClInclude Include="TupleIterator.hpp">
      <Filter>ECS</Filter>
    </ClInclude>
    <ClInclude Include="TupleChecker.hpp">
      <Filter>ECS</Filter>
    </ClInclude>
    <ClInclude Include="CComponentSystem.hpp">
      <Filter>ECS</Filter>
    </ClInclude>
    <ClInclude Include="CSphere.hpp">
      <Filter>Primitives</Filter>
    </ClInclude>
    <ClInclude Include="Contains.hpp">
      <Filter>Primitives</Filter>
    </ClInclude>
    <ClInclude Include="Intersection.hpp">
      <Filter>Primitives</Filter>
    </ClInclude>
    <ClInclude Include="minitrace.h">
      <Filter>minitrace</Filter>
    </ClInclude>
    <ClInclude Include="ClosestPoint.hpp">
      <Filter>Primitives</Filter>
    </ClInclude>
    <ClInclude Include="CBoundingBox.hpp">
      <Filter>Primitives</Filter>
    </ClInclude>
    <ClInclude Include="CBoundingBoxComponent.hpp">
      <Filter>Components</Filter>
    </ClInclude>
    <ClInclude Include="CBVHBase.hpp">
      <Filter>Spatial</Filter>
    </ClInclude>
    <ClInclude Include="CBVHSystem.hpp">
      <Filter>Systems</Filter>
    </ClInclude>
    <ClInclude Include="CTransformComponent.hpp">
      <Filter>Components</Filter>
    </ClInclude>
    <ClInclude Include="Types.hpp">
      <Filter>Sonstiges</Filter>
    </ClInclude>
    <ClInclude Include="World.hpp">
      <Filter>Sonstiges</Filter>
    </ClInclude>
    <ClInclude Include="TestECS.hpp">
      <Filter>TestApp</Filter>
    </ClInclude>
    <ClInclude Include="Distance.hpp">
      <Filter>Primitives</Filter>
    </ClInclude>
  </ItemGroup>
  <ItemGroup>
    <ClCompile Include="CFrustum.cpp">
      <Filter>Sonstiges</Filter>
    </ClCompile>
    <ClCompile Include="CPlane.cpp">
      <Filter>Sonstiges</Filter>
    </ClCompile>
    <ClCompile Include="EntityTest.cpp">
      <Filter>TestApp</Filter>
    </ClCompile>
    <ClCompile Include="CEntity.hpp">
      <Filter>ECS</Filter>
    </ClCompile>
    <ClCompile Include="COcTree.cpp">
      <Filter>Spatial</Filter>
    </ClCompile>
    <ClCompile Include="CSphere.cpp">
      <Filter>Primitives</Filter>
    </ClCompile>
    <ClCompile Include="Contains.cpp">
      <Filter>Primitives</Filter>
    </ClCompile>
    <ClCompile Include="Intersection.cpp">
      <Filter>Primitives</Filter>
    </ClCompile>
    <ClCompile Include="minitrace.c">
      <Filter>minitrace</Filter>
    </ClCompile>
    <ClCompile Include="ClosestPoint.cpp">
      <Filter>Primitives</Filter>
    </ClCompile>
    <ClCompile Include="CBoundingBox.cpp">
      <Filter>Primitives</Filter>
    </ClCompile>
    <ClCompile Include="CTransformComponent.cpp">
      <Filter>Components</Filter>
    </ClCompile>
    <ClCompile Include="CLogger.cpp">
      <Filter>Sonstiges</Filter>
    </ClCompile>
    <ClCompile Include="Distance.cpp">
      <Filter>Primitives</Filter>
    </ClCompile>
    <ClCompile Include="ComponentTraits.hpp">
      <Filter>ECS</Filter>
    </ClCompile>
    <ClCompile Include="ComponentsRegistry.cpp">
      <Filter>Components</Filter>
    </ClCompile>
  </ItemGroup>
  <ItemGroup>
    <None Include="perftest.xlsx" />
    <None Include="packages.config" />
  </ItemGroup>
</Project>