<?xml version="1.0" encoding="utf-8"?>
<Project ToolsVersion="4.0" xmlns="http://schemas.microsoft.com/developer/msbuild/2003">
  <ItemGroup>
    <Filter Include="Components">
      <UniqueIdentifier>{0545f92d-8045-480e-934c-fa2858eaeea0}</UniqueIdentifier>
    </Filter>
    <Filter Include="ECS">
      <UniqueIdentifier>{7728da9c-d5a9-4cc8-8b71-f6215bcc3368}</UniqueIdentifier>
    </Filter>
    <Filter Include="Sonstiges">
      <UniqueIdentifier>{93995380-89BD-4b04-88EB-625FBE52EBFB}</UniqueIdentifier>
      <Extensions>h;hh;hpp;hxx;hm;inl;inc;xsd</Extensions>
    </Filter>
  </ItemGroup>
  <ItemGroup>
    <Text Include="ReadMe.txt" />
  </ItemGroup>
  <ItemGroup>
    <ClInclude Include="CWorld.hpp">
      <Filter>Sonstiges</Filter>
    </ClInclude>
    <ClInclude Include="CLogger.hpp">
      <Filter>Sonstiges</Filter>
    </ClInclude>
    <ClInclude Include="CSize.hpp">
      <Filter>Sonstiges</Filter>
    </ClInclude>
    <ClInclude Include="CFrustum.hpp">
      <Filter>Sonstiges</Filter>
    </ClInclude>
    <ClInclude Include="CPlane.hpp">
      <Filter>Sonstiges</Filter>
    </ClInclude>
    <ClInclude Include="CBoundingBox.hpp">
      <Filter>Sonstiges</Filter>
    </ClInclude>
    <ClInclude Include="COcTree.hpp">
      <Filter>Sonstiges</Filter>
    </ClInclude>
    <ClInclude Include="TupleIterator.hpp">
      <Filter>Sonstiges</Filter>
    </ClInclude>
    <ClInclude Include="CBombComponent.hpp">
      <Filter>Components</Filter>
    </ClInclude>
    <ClInclude Include="CDebugNameComponent.hpp">
      <Filter>Components</Filter>
    </ClInclude>
    <ClInclude Include="CHealthComponent.hpp">
      <Filter>Components</Filter>
    </ClInclude>
    <ClInclude Include="CMovementComponent.hpp">
      <Filter>Components</Filter>
    </ClInclude>
    <ClInclude Include="CPhysicsComponent.hpp">
      <Filter>Components</Filter>
    </ClInclude>
    <ClInclude Include="CPlayerComponent.hpp">
      <Filter>Components</Filter>
    </ClInclude>
    <ClInclude Include="CTransformComponent.hpp">
      <Filter>Components</Filter>
    </ClInclude>
    <ClInclude Include="CEntityComponentSystem.hpp">
      <Filter>ECS</Filter>
    </ClInclude>
    <ClInclude Include="CBaseComponent.hpp">
      <Filter>ECS</Filter>
    </ClInclude>
    <ClInclude Include="CSlotMap.hpp">
      <Filter>ECS</Filter>
    </ClInclude>
    <ClInclude Include="CEntity.hpp">
      <Filter>Sonstiges</Filter>
    </ClInclude>
  </ItemGroup>
  <ItemGroup>
    <ClCompile Include="CBoundingBox.cpp">
      <Filter>Sonstiges</Filter>
    </ClCompile>
    <ClCompile Include="CFrustum.cpp">
      <Filter>Sonstiges</Filter>
    </ClCompile>
    <ClCompile Include="COcTree.cpp">
      <Filter>Sonstiges</Filter>
    </ClCompile>
    <ClCompile Include="CPlane.cpp">
      <Filter>Sonstiges</Filter>
    </ClCompile>
    <ClCompile Include="CWorld.cpp">
      <Filter>Sonstiges</Filter>
    </ClCompile>
    <ClCompile Include="EntityTest.cpp">
      <Filter>Sonstiges</Filter>
    </ClCompile>
    <ClCompile Include="CTransformComponent.cpp">
      <Filter>Components</Filter>
    </ClCompile>
    <ClCompile Include="Entity.hpp">
      <Filter>ECS</Filter>
    </ClCompile>
  </ItemGroup>
  <ItemGroup>
    <None Include="packages.config" />
    <None Include="perftest.xlsx" />
  </ItemGroup>
</Project>